github.com/barklan/hugo-dead-simple v1.75.70 h1:u47M3/HAmRZ/U4Rq0P2lNlfmyJSlB0vhTNis1epR8q4=
github.com/barklan/hugo-dead-simple v1.75.70/go.mod h1:Ql5njM3SwZWMqWD1bt6UQoebKHIuRt37HeEkiWMUxXo=
github.com/hugomods/images v0.11.2 h1:d7u3c/ePboeOGx8OI5eUnilpA79YvD7KJjUgqVMR83Y=
github.com/hugomods/images v0.11.2/go.mod h1:U6Gwj16LKvk66rOMyGFrnF6f0aV8lT89lqOsckOAjYY=
